// !$*UTF8*$!
{
	archiveVersion = 1;
	classes = {
	};
	objectVersion = 77;
	objects = {

/* Begin PBXBuildFile section */
		59C2DD992D878D8300EE7F03 /* SplineRuntime in Frameworks */ = {isa = PBXBuildFile; productRef = 59C2DD982D878D8300EE7F03 /* SplineRuntime */; };
/* End PBXBuildFile section */

/* Begin PBXContainerItemProxy section */
		59C2DD7A2D8788CE00EE7F03 /* PBXContainerItemProxy */ = {
			isa = PBXContainerItemProxy;
			containerPortal = 59C2DD612D8788CD00EE7F03 /* Project object */;
			proxyType = 1;
			remoteGlobalIDString = 59C2DD682D8788CD00EE7F03;
			remoteInfo = OoBEUI;
		};
		59C2DD842D8788CE00EE7F03 /* PBXContainerItemProxy */ = {
			isa = PBXContainerItemProxy;
			containerPortal = 59C2DD612D8788CD00EE7F03 /* Project object */;
			proxyType = 1;
			remoteGlobalIDString = 59C2DD682D8788CD00EE7F03;
			remoteInfo = OoBEUI;
		};
/* End PBXContainerItemProxy section */

/* Begin PBXFileReference section */
		59C2DD692D8788CD00EE7F03 /* OoBEUI.app */ = {isa = PBXFileReference; explicitFileType = wrapper.application; includeInIndex = 0; path = OoBEUI.app; sourceTree = BUILT_PRODUCTS_DIR; };
		59C2DD792D8788CE00EE7F03 /* OoBEUITests.xctest */ = {isa = PBXFileReference; explicitFileType = wrapper.cfbundle; includeInIndex = 0; path = OoBEUITests.xctest; sourceTree = BUILT_PRODUCTS_DIR; };
		59C2DD832D8788CE00EE7F03 /* OoBEUIUITests.xctest */ = {isa = PBXFileReference; explicitFileType = wrapper.cfbundle; includeInIndex = 0; path = OoBEUIUITests.xctest; sourceTree = BUILT_PRODUCTS_DIR; };
		59C2DD972D878D6300EE7F03 /* spline-ios-main */ = {isa = PBXFileReference; lastKnownFileType = wrapper; name = "spline-ios-main"; path = "../../../Downloads/spline-ios-main"; sourceTree = "<group>"; };
/* End PBXFileReference section */

/* Begin PBXFileSystemSynchronizedRootGroup section */
		59C2DD6B2D8788CD00EE7F03 /* OoBEUI */ = {
			isa = PBXFileSystemSynchronizedRootGroup;
			path = OoBEUI;
			sourceTree = "<group>";
		};
		59C2DD7C2D8788CE00EE7F03 /* OoBEUITests */ = {
			isa = PBXFileSystemSynchronizedRootGroup;
			path = OoBEUITests;
			sourceTree = "<group>";
		};
		59C2DD862D8788CE00EE7F03 /* OoBEUIUITests */ = {
			isa = PBXFileSystemSynchronizedRootGroup;
			path = OoBEUIUITests;
			sourceTree = "<group>";
		};
/* End PBXFileSystemSynchronizedRootGroup section */

/* Begin PBXFrameworksBuildPhase section */
		59C2DD662D8788CD00EE7F03 /* Frameworks */ = {
			isa = PBXFrameworksBuildPhase;
			buildActionMask = 2147483647;
			files = (
				59C2DD992D878D8300EE7F03 /* SplineRuntime in Frameworks */,
			);
			runOnlyForDeploymentPostprocessing = 0;
		};
		59C2DD762D8788CE00EE7F03 /* Frameworks */ = {
			isa = PBXFrameworksBuildPhase;
			buildActionMask = 2147483647;
			files = (
			);
			runOnlyForDeploymentPostprocessing = 0;
		};
		59C2DD802D8788CE00EE7F03 /* Frameworks */ = {
			isa = PBXFrameworksBuildPhase;
			buildActionMask = 2147483647;
			files = (
			);
			runOnlyForDeploymentPostprocessing = 0;
		};
/* End PBXFrameworksBuildPhase section */

/* Begin PBXGroup section */
		59C2DD602D8788CD00EE7F03 = {
			isa = PBXGroup;
			children = (
				59C2DD6B2D8788CD00EE7F03 /* OoBEUI */,
				59C2DD7C2D8788CE00EE7F03 /* OoBEUITests */,
				59C2DD862D8788CE00EE7F03 /* OoBEUIUITests */,
				59C2DD962D878D6200EE7F03 /* Frameworks */,
				59C2DD6A2D8788CD00EE7F03 /* Products */,
			);
			sourceTree = "<group>";
		};
		59C2DD6A2D8788CD00EE7F03 /* Products */ = {
			isa = PBXGroup;
			children = (
				59C2DD692D8788CD00EE7F03 /* OoBEUI.app */,
				59C2DD792D8788CE00EE7F03 /* OoBEUITests.xctest */,
				59C2DD832D8788CE00EE7F03 /* OoBEUIUITests.xctest */,
			);
			name = Products;
			sourceTree = "<group>";
		};
		59C2DD962D878D6200EE7F03 /* Frameworks */ = {
			isa = PBXGroup;
			children = (
				59C2DD972D878D6300EE7F03 /* spline-ios-main */,
			);
			name = Frameworks;
			sourceTree = "<group>";
		};
/* End PBXGroup section */

/* Begin PBXNativeTarget section */
		59C2DD682D8788CD00EE7F03 /* OoBEUI */ = {
			isa = PBXNativeTarget;
			buildConfigurationList = 59C2DD8D2D8788CE00EE7F03 /* Build configuration list for PBXNativeTarget "OoBEUI" */;
			buildPhases = (
				59C2DD652D8788CD00EE7F03 /* Sources */,
				59C2DD662D8788CD00EE7F03 /* Frameworks */,
				59C2DD672D8788CD00EE7F03 /* Resources */,
			);
			buildRules = (
			);
			dependencies = (
			);
			fileSystemSynchronizedGroups = (
				59C2DD6B2D8788CD00EE7F03 /* OoBEUI */,
			);
			name = OoBEUI;
			packageProductDependencies = (
				59C2DD982D878D8300EE7F03 /* SplineRuntime */,
			);
			productName = OoBEUI;
			productReference = 59C2DD692D8788CD00EE7F03 /* OoBEUI.app */;
			productType = "com.apple.product-type.application";
		};
		59C2DD782D8788CE00EE7F03 /* OoBEUITests */ = {
			isa = PBXNativeTarget;
			buildConfigurationList = 59C2DD902D8788CE00EE7F03 /* Build configuration list for PBXNativeTarget "OoBEUITests" */;
			buildPhases = (
				59C2DD752D8788CE00EE7F03 /* Sources */,
				59C2DD762D8788CE00EE7F03 /* Frameworks */,
				59C2DD772D8788CE00EE7F03 /* Resources */,
			);
			buildRules = (
			);
			dependencies = (
				59C2DD7B2D8788CE00EE7F03 /* PBXTargetDependency */,
			);
			fileSystemSynchronizedGroups = (
				59C2DD7C2D8788CE00EE7F03 /* OoBEUITests */,
			);
			name = OoBEUITests;
			packageProductDependencies = (
			);
			productName = OoBEUITests;
			productReference = 59C2DD792D8788CE00EE7F03 /* OoBEUITests.xctest */;
			productType = "com.apple.product-type.bundle.unit-test";
		};
		59C2DD822D8788CE00EE7F03 /* OoBEUIUITests */ = {
			isa = PBXNativeTarget;
			buildConfigurationList = 59C2DD932D8788CE00EE7F03 /* Build configuration list for PBXNativeTarget "OoBEUIUITests" */;
			buildPhases = (
				59C2DD7F2D8788CE00EE7F03 /* Sources */,
				59C2DD802D8788CE00EE7F03 /* Frameworks */,
				59C2DD812D8788CE00EE7F03 /* Resources */,
			);
			buildRules = (
			);
			dependencies = (
				59C2DD852D8788CE00EE7F03 /* PBXTargetDependency */,
			);
			fileSystemSynchronizedGroups = (
				59C2DD862D8788CE00EE7F03 /* OoBEUIUITests */,
			);
			name = OoBEUIUITests;
			packageProductDependencies = (
			);
			productName = OoBEUIUITests;
			productReference = 59C2DD832D8788CE00EE7F03 /* OoBEUIUITests.xctest */;
			productType = "com.apple.product-type.bundle.ui-testing";
		};
/* End PBXNativeTarget section */

/* Begin PBXProject section */
		59C2DD612D8788CD00EE7F03 /* Project object */ = {
			isa = PBXProject;
			attributes = {
				BuildIndependentTargetsInParallel = 1;
				LastSwiftUpdateCheck = 1620;
				LastUpgradeCheck = 1620;
				TargetAttributes = {
					59C2DD682D8788CD00EE7F03 = {
						CreatedOnToolsVersion = 16.2;
					};
					59C2DD782D8788CE00EE7F03 = {
						CreatedOnToolsVersion = 16.2;
						TestTargetID = 59C2DD682D8788CD00EE7F03;
					};
					59C2DD822D8788CE00EE7F03 = {
						CreatedOnToolsVersion = 16.2;
						TestTargetID = 59C2DD682D8788CD00EE7F03;
					};
				};
			};
			buildConfigurationList = 59C2DD642D8788CD00EE7F03 /* Build configuration list for PBXProject "OoBEUI" */;
			developmentRegion = en;
			hasScannedForEncodings = 0;
			knownRegions = (
				en,
				Base,
			);
			mainGroup = 59C2DD602D8788CD00EE7F03;
			minimizedProjectReferenceProxies = 1;
			packageReferences = (
				59C2DD9A2D878EA700EE7F03 /* XCLocalSwiftPackageReference "../../../Downloads/spline-ios-main" */,
			);
			preferredProjectObjectVersion = 77;
			productRefGroup = 59C2DD6A2D8788CD00EE7F03 /* Products */;
			projectDirPath = "";
			projectRoot = "";
			targets = (
				59C2DD682D8788CD00EE7F03 /* OoBEUI */,
				59C2DD782D8788CE00EE7F03 /* OoBEUITests */,
				59C2DD822D8788CE00EE7F03 /* OoBEUIUITests */,
			);
		};
/* End PBXProject section */

/* Begin PBXResourcesBuildPhase section */
		59C2DD672D8788CD00EE7F03 /* Resources */ = {
			isa = PBXResourcesBuildPhase;
			buildActionMask = 2147483647;
			files = (
			);
			runOnlyForDeploymentPostprocessing = 0;
		};
		59C2DD772D8788CE00EE7F03 /* Resources */ = {
			isa = PBXResourcesBuildPhase;
			buildActionMask = 2147483647;
			files = (
			);
			runOnlyForDeploymentPostprocessing = 0;
		};
		59C2DD812D8788CE00EE7F03 /* Resources */ = {
			isa = PBXResourcesBuildPhase;
			buildActionMask = 2147483647;
			files = (
			);
			runOnlyForDeploymentPostprocessing = 0;
		};
/* End PBXResourcesBuildPhase section */

/* Begin PBXSourcesBuildPhase section */
		59C2DD652D8788CD00EE7F03 /* Sources */ = {
			isa = PBXSourcesBuildPhase;
			buildActionMask = 2147483647;
			files = (
			);
			runOnlyForDeploymentPostprocessing = 0;
		};
		59C2DD752D8788CE00EE7F03 /* Sources */ = {
			isa = PBXSourcesBuildPhase;
			buildActionMask = 2147483647;
			files = (
			);
			runOnlyForDeploymentPostprocessing = 0;
		};
		59C2DD7F2D8788CE00EE7F03 /* Sources */ = {
			isa = PBXSourcesBuildPhase;
			buildActionMask = 2147483647;
			files = (
			);
			runOnlyForDeploymentPostprocessing = 0;
		};
/* End PBXSourcesBuildPhase section */

/* Begin PBXTargetDependency section */
		59C2DD7B2D8788CE00EE7F03 /* PBXTargetDependency */ = {
			isa = PBXTargetDependency;
			target = 59C2DD682D8788CD00EE7F03 /* OoBEUI */;
			targetProxy = 59C2DD7A2D8788CE00EE7F03 /* PBXContainerItemProxy */;
		};
		59C2DD852D8788CE00EE7F03 /* PBXTargetDependency */ = {
			isa = PBXTargetDependency;
			target = 59C2DD682D8788CD00EE7F03 /* OoBEUI */;
			targetProxy = 59C2DD842D8788CE00EE7F03 /* PBXContainerItemProxy */;
		};
/* End PBXTargetDependency section */

/* Begin XCBuildConfiguration section */
		59C2DD8B2D8788CE00EE7F03 /* Debug */ = {
			isa = XCBuildConfiguration;
			buildSettings = {
				ALWAYS_SEARCH_USER_PATHS = NO;
				ASSETCATALOG_COMPILER_GENERATE_SWIFT_ASSET_SYMBOL_EXTENSIONS = YES;
				CLANG_ANALYZER_NONNULL = YES;
				CLANG_ANALYZER_NUMBER_OBJECT_CONVERSION = YES_AGGRESSIVE;
				CLANG_CXX_LANGUAGE_STANDARD = "gnu++20";
				CLANG_ENABLE_MODULES = YES;
				CLANG_ENABLE_OBJC_ARC = YES;
				CLANG_ENABLE_OBJC_WEAK = YES;
				CLANG_WARN_BLOCK_CAPTURE_AUTORELEASING = YES;
				CLANG_WARN_BOOL_CONVERSION = YES;
				CLANG_WARN_COMMA = YES;
				CLANG_WARN_CONSTANT_CONVERSION = YES;
				CLANG_WARN_DEPRECATED_OBJC_IMPLEMENTATIONS = YES;
				CLANG_WARN_DIRECT_OBJC_ISA_USAGE = YES_ERROR;
				CLANG_WARN_DOCUMENTATION_COMMENTS = YES;
				CLANG_WARN_EMPTY_BODY = YES;
				CLANG_WARN_ENUM_CONVERSION = YES;
				CLANG_WARN_INFINITE_RECURSION = YES;
				CLANG_WARN_INT_CONVERSION = YES;
				CLANG_WARN_NON_LITERAL_NULL_CONVERSION = YES;
				CLANG_WARN_OBJC_IMPLICIT_RETAIN_SELF = YES;
				CLANG_WARN_OBJC_LITERAL_CONVERSION = YES;
				CLANG_WARN_OBJC_ROOT_CLASS = YES_ERROR;
				CLANG_WARN_QUOTED_INCLUDE_IN_FRAMEWORK_HEADER = YES;
				CLANG_WARN_RANGE_LOOP_ANALYSIS = YES;
				CLANG_WARN_STRICT_PROTOTYPES = YES;
				CLANG_WARN_SUSPICIOUS_MOVE = YES;
				CLANG_WARN_UNGUARDED_AVAILABILITY = YES_AGGRESSIVE;
				CLANG_WARN_UNREACHABLE_CODE = YES;
				CLANG_WARN__DUPLICATE_METHOD_MATCH = YES;
				COPY_PHASE_STRIP = NO;
				DEBUG_INFORMATION_FORMAT = dwarf;
				ENABLE_STRICT_OBJC_MSGSEND = YES;
				ENABLE_TESTABILITY = YES;
				ENABLE_USER_SCRIPT_SANDBOXING = YES;
				GCC_C_LANGUAGE_STANDARD = gnu17;
				GCC_DYNAMIC_NO_PIC = NO;
				GCC_NO_COMMON_BLOCKS = YES;
				GCC_OPTIMIZATION_LEVEL = 0;
				GCC_PREPROCESSOR_DEFINITIONS = (
					"DEBUG=1",
					"$(inherited)",
				);
				GCC_WARN_64_TO_32_BIT_CONVERSION = YES;
				GCC_WARN_ABOUT_RETURN_TYPE = YES_ERROR;
				GCC_WARN_UNDECLARED_SELECTOR = YES;
				GCC_WARN_UNINITIALIZED_AUTOS = YES_AGGRESSIVE;
				GCC_WARN_UNUSED_FUNCTION = YES;
				GCC_WARN_UNUSED_VARIABLE = YES;
				IPHONEOS_DEPLOYMENT_TARGET = 18.2;
				LOCALIZATION_PREFERS_STRING_CATALOGS = YES;
				MTL_ENABLE_DEBUG_INFO = INCLUDE_SOURCE;
				MTL_FAST_MATH = YES;
				ONLY_ACTIVE_ARCH = YES;
				SDKROOT = iphoneos;
				SWIFT_ACTIVE_COMPILATION_CONDITIONS = "DEBUG $(inherited)";
				SWIFT_OPTIMIZATION_LEVEL = "-Onone";
			};
			name = Debug;
		};
		59C2DD8C2D8788CE00EE7F03 /* Release */ = {
			isa = XCBuildConfiguration;
			buildSettings = {
				ALWAYS_SEARCH_USER_PATHS = NO;
				ASSETCATALOG_COMPILER_GENERATE_SWIFT_ASSET_SYMBOL_EXTENSIONS = YES;
				CLANG_ANALYZER_NONNULL = YES;
				CLANG_ANALYZER_NUMBER_OBJECT_CONVERSION = YES_AGGRESSIVE;
				CLANG_CXX_LANGUAGE_STANDARD = "gnu++20";
				CLANG_ENABLE_MODULES = YES;
				CLANG_ENABLE_OBJC_ARC = YES;
				CLANG_ENABLE_OBJC_WEAK = YES;
				CLANG_WARN_BLOCK_CAPTURE_AUTORELEASING = YES;
				CLANG_WARN_BOOL_CONVERSION = YES;
				CLANG_WARN_COMMA = YES;
				CLANG_WARN_CONSTANT_CONVERSION = YES;
				CLANG_WARN_DEPRECATED_OBJC_IMPLEMENTATIONS = YES;
				CLANG_WARN_DIRECT_OBJC_ISA_USAGE = YES_ERROR;
				CLANG_WARN_DOCUMENTATION_COMMENTS = YES;
				CLANG_WARN_EMPTY_BODY = YES;
				CLANG_WARN_ENUM_CONVERSION = YES;
				CLANG_WARN_INFINITE_RECURSION = YES;
				CLANG_WARN_INT_CONVERSION = YES;
				CLANG_WARN_NON_LITERAL_NULL_CONVERSION = YES;
				CLANG_WARN_OBJC_IMPLICIT_RETAIN_SELF = YES;
				CLANG_WARN_OBJC_LITERAL_CONVERSION = YES;
				CLANG_WARN_OBJC_ROOT_CLASS = YES_ERROR;
				CLANG_WARN_QUOTED_INCLUDE_IN_FRAMEWORK_HEADER = YES;
				CLANG_WARN_RANGE_LOOP_ANALYSIS = YES;
				CLANG_WARN_STRICT_PROTOTYPES = YES;
				CLANG_WARN_SUSPICIOUS_MOVE = YES;
				CLANG_WARN_UNGUARDED_AVAILABILITY = YES_AGGRESSIVE;
				CLANG_WARN_UNREACHABLE_CODE = YES;
				CLANG_WARN__DUPLICATE_METHOD_MATCH = YES;
				COPY_PHASE_STRIP = NO;
				DEBUG_INFORMATION_FORMAT = "dwarf-with-dsym";
				ENABLE_NS_ASSERTIONS = NO;
				ENABLE_STRICT_OBJC_MSGSEND = YES;
				ENABLE_USER_SCRIPT_SANDBOXING = YES;
				GCC_C_LANGUAGE_STANDARD = gnu17;
				GCC_NO_COMMON_BLOCKS = YES;
				GCC_WARN_64_TO_32_BIT_CONVERSION = YES;
				GCC_WARN_ABOUT_RETURN_TYPE = YES_ERROR;
				GCC_WARN_UNDECLARED_SELECTOR = YES;
				GCC_WARN_UNINITIALIZED_AUTOS = YES_AGGRESSIVE;
				GCC_WARN_UNUSED_FUNCTION = YES;
				GCC_WARN_UNUSED_VARIABLE = YES;
				IPHONEOS_DEPLOYMENT_TARGET = 18.2;
				LOCALIZATION_PREFERS_STRING_CATALOGS = YES;
				MTL_ENABLE_DEBUG_INFO = NO;
				MTL_FAST_MATH = YES;
				SDKROOT = iphoneos;
				SWIFT_COMPILATION_MODE = wholemodule;
				VALIDATE_PRODUCT = YES;
			};
			name = Release;
		};
		59C2DD8E2D8788CE00EE7F03 /* Debug */ = {
			isa = XCBuildConfiguration;
			buildSettings = {
				ASSETCATALOG_COMPILER_APPICON_NAME = AppIcon;
				ASSETCATALOG_COMPILER_GLOBAL_ACCENT_COLOR_NAME = AccentColor;
				CODE_SIGN_STYLE = Automatic;
				CURRENT_PROJECT_VERSION = 1;
				DEVELOPMENT_ASSET_PATHS = "\"OoBEUI/Preview Content\"";
				DEVELOPMENT_TEAM = Y26658RCL9;
				ENABLE_PREVIEWS = YES;
				GENERATE_INFOPLIST_FILE = YES;
				INFOPLIST_KEY_UIApplicationSceneManifest_Generation = YES;
				INFOPLIST_KEY_UIApplicationSupportsIndirectInputEvents = YES;
				INFOPLIST_KEY_UILaunchScreen_Generation = YES;
				INFOPLIST_KEY_UISupportedInterfaceOrientations_iPad = "UIInterfaceOrientationPortrait UIInterfaceOrientationPortraitUpsideDown UIInterfaceOrientationLandscapeLeft UIInterfaceOrientationLandscapeRight";
				INFOPLIST_KEY_UISupportedInterfaceOrientations_iPhone = "UIInterfaceOrientationPortrait UIInterfaceOrientationLandscapeLeft UIInterfaceOrientationLandscapeRight";
				LD_RUNPATH_SEARCH_PATHS = (
					"$(inherited)",
					"@executable_path/Frameworks",
				);
				MARKETING_VERSION = 1.0;
				PRODUCT_BUNDLE_IDENTIFIER = com.shota.sakoda.OoBEUI;
				PRODUCT_NAME = "$(TARGET_NAME)";
				SWIFT_EMIT_LOC_STRINGS = YES;
				SWIFT_VERSION = 5.0;
				TARGETED_DEVICE_FAMILY = "1,2";
			};
			name = Debug;
		};
		59C2DD8F2D8788CE00EE7F03 /* Release */ = {
			isa = XCBuildConfiguration;
			buildSettings = {
				ASSETCATALOG_COMPILER_APPICON_NAME = AppIcon;
				ASSETCATALOG_COMPILER_GLOBAL_ACCENT_COLOR_NAME = AccentColor;
				CODE_SIGN_STYLE = Automatic;
				CURRENT_PROJECT_VERSION = 1;
				DEVELOPMENT_ASSET_PATHS = "\"OoBEUI/Preview Content\"";
				DEVELOPMENT_TEAM = Y26658RCL9;
				ENABLE_PREVIEWS = YES;
				GENERATE_INFOPLIST_FILE = YES;
				INFOPLIST_KEY_UIApplicationSceneManifest_Generation = YES;
				INFOPLIST_KEY_UIApplicationSupportsIndirectInputEvents = YES;
				INFOPLIST_KEY_UILaunchScreen_Generation = YES;
				INFOPLIST_KEY_UISupportedInterfaceOrientations_iPad = "UIInterfaceOrientationPortrait UIInterfaceOrientationPortraitUpsideDown UIInterfaceOrientationLandscapeLeft UIInterfaceOrientationLandscapeRight";
				INFOPLIST_KEY_UISupportedInterfaceOrientations_iPhone = "UIInterfaceOrientationPortrait UIInterfaceOrientationLandscapeLeft UIInterfaceOrientationLandscapeRight";
				LD_RUNPATH_SEARCH_PATHS = (
					"$(inherited)",
					"@executable_path/Frameworks",
				);
				MARKETING_VERSION = 1.0;
				PRODUCT_BUNDLE_IDENTIFIER = com.shota.sakoda.OoBEUI;
				PRODUCT_NAME = "$(TARGET_NAME)";
				SWIFT_EMIT_LOC_STRINGS = YES;
				SWIFT_VERSION = 5.0;
				TARGETED_DEVICE_FAMILY = "1,2";
			};
			name = Release;
		};
		59C2DD912D8788CE00EE7F03 /* Debug */ = {
			isa = XCBuildConfiguration;
			buildSettings = {
				BUNDLE_LOADER = "$(TEST_HOST)";
				CODE_SIGN_STYLE = Automatic;
				CURRENT_PROJECT_VERSION = 1;
				DEVELOPMENT_TEAM = Y26658RCL9;
				GENERATE_INFOPLIST_FILE = YES;
				IPHONEOS_DEPLOYMENT_TARGET = 18.2;
				MARKETING_VERSION = 1.0;
				PRODUCT_BUNDLE_IDENTIFIER = com.shota.sakoda.OoBEUITests;
				PRODUCT_NAME = "$(TARGET_NAME)";
				SWIFT_EMIT_LOC_STRINGS = NO;
				SWIFT_VERSION = 5.0;
				TARGETED_DEVICE_FAMILY = "1,2";
				TEST_HOST = "$(BUILT_PRODUCTS_DIR)/OoBEUI.app/$(BUNDLE_EXECUTABLE_FOLDER_PATH)/OoBEUI";
			};
			name = Debug;
		};
		59C2DD922D8788CE00EE7F03 /* Release */ = {
			isa = XCBuildConfiguration;
			buildSettings = {
				BUNDLE_LOADER = "$(TEST_HOST)";
				CODE_SIGN_STYLE = Automatic;
				CURRENT_PROJECT_VERSION = 1;
				DEVELOPMENT_TEAM = Y26658RCL9;
				GENERATE_INFOPLIST_FILE = YES;
				IPHONEOS_DEPLOYMENT_TARGET = 18.2;
				MARKETING_VERSION = 1.0;
				PRODUCT_BUNDLE_IDENTIFIER = com.shota.sakoda.OoBEUITests;
				PRODUCT_NAME = "$(TARGET_NAME)";
				SWIFT_EMIT_LOC_STRINGS = NO;
				SWIFT_VERSION = 5.0;
				TARGETED_DEVICE_FAMILY = "1,2";
				TEST_HOST = "$(BUILT_PRODUCTS_DIR)/OoBEUI.app/$(BUNDLE_EXECUTABLE_FOLDER_PATH)/OoBEUI";
			};
			name = Release;
		};
		59C2DD942D8788CE00EE7F03 /* Debug */ = {
			isa = XCBuildConfiguration;
			buildSettings = {
				CODE_SIGN_STYLE = Automatic;
				CURRENT_PROJECT_VERSION = 1;
				DEVELOPMENT_TEAM = Y26658RCL9;
				GENERATE_INFOPLIST_FILE = YES;
				MARKETING_VERSION = 1.0;
				PRODUCT_BUNDLE_IDENTIFIER = com.shota.sakoda.OoBEUIUITests;
				PRODUCT_NAME = "$(TARGET_NAME)";
				SWIFT_EMIT_LOC_STRINGS = NO;
				SWIFT_VERSION = 5.0;
				TARGETED_DEVICE_FAMILY = "1,2";
				TEST_TARGET_NAME = OoBEUI;
			};
			name = Debug;
		};
		59C2DD952D8788CE00EE7F03 /* Release */ = {
			isa = XCBuildConfiguration;
			buildSettings = {
				CODE_SIGN_STYLE = Automatic;
				CURRENT_PROJECT_VERSION = 1;
				DEVELOPMENT_TEAM = Y26658RCL9;
				GENERATE_INFOPLIST_FILE = YES;
				MARKETING_VERSION = 1.0;
				PRODUCT_BUNDLE_IDENTIFIER = com.shota.sakoda.OoBEUIUITests;
				PRODUCT_NAME = "$(TARGET_NAME)";
				SWIFT_EMIT_LOC_STRINGS = NO;
				SWIFT_VERSION = 5.0;
				TARGETED_DEVICE_FAMILY = "1,2";
				TEST_TARGET_NAME = OoBEUI;
			};
			name = Release;
		};
/* End XCBuildConfiguration section */

/* Begin XCConfigurationList section */
		59C2DD642D8788CD00EE7F03 /* Build configuration list for PBXProject "OoBEUI" */ = {
			isa = XCConfigurationList;
			buildConfigurations = (
				59C2DD8B2D8788CE00EE7F03 /* Debug */,
				59C2DD8C2D8788CE00EE7F03 /* Release */,
			);
			defaultConfigurationIsVisible = 0;
			defaultConfigurationName = Release;
		};
		59C2DD8D2D8788CE00EE7F03 /* Build configuration list for PBXNativeTarget "OoBEUI" */ = {
			isa = XCConfigurationList;
			buildConfigurations = (
				59C2DD8E2D8788CE00EE7F03 /* Debug */,
				59C2DD8F2D8788CE00EE7F03 /* Release */,
			);
			defaultConfigurationIsVisible = 0;
			defaultConfigurationName = Release;
		};
		59C2DD902D8788CE00EE7F03 /* Build configuration list for PBXNativeTarget "OoBEUITests" */ = {
			isa = XCConfigurationList;
			buildConfigurations = (
				59C2DD912D8788CE00EE7F03 /* Debug */,
				59C2DD922D8788CE00EE7F03 /* Release */,
			);
			defaultConfigurationIsVisible = 0;
			defaultConfigurationName = Release;
		};
		59C2DD932D8788CE00EE7F03 /* Build configuration list for PBXNativeTarget "OoBEUIUITests" */ = {
			isa = XCConfigurationList;
			buildConfigurations = (
				59C2DD942D8788CE00EE7F03 /* Debug */,
				59C2DD952D8788CE00EE7F03 /* Release */,
			);
			defaultConfigurationIsVisible = 0;
			defaultConfigurationName = Release;
		};
/* End XCConfigurationList section */

/* Begin XCLocalSwiftPackageReference section */
		59C2DD9A2D878EA700EE7F03 /* XCLocalSwiftPackageReference "../../../Downloads/spline-ios-main" */ = {
			isa = XCLocalSwiftPackageReference;
			relativePath = "../../../Downloads/spline-ios-main";
		};
/* End XCLocalSwiftPackageReference section */

/* Begin XCSwiftPackageProductDependency section */
		59C2DD982D878D8300EE7F03 /* SplineRuntime */ = {
			isa = XCSwiftPackageProductDependency;
			productName = SplineRuntime;
		};
/* End XCSwiftPackageProductDependency section */
	};
	rootObject = 59C2DD612D8788CD00EE7F03 /* Project object */;
}
